
Microsoft Visual Studio Solution File, Format Version 12.00
# Visual Studio Version 16
VisualStudioVersion = 16.0.31129.286
MinimumVisualStudioVersion = 10.0.40219.1
Project("{FAE04EC0-301F-11D3-BF4B-00C04F79EFBC}") = "OperationsWithVector", "OperationsWithVector\OperationsWithVector.csproj", "{AB7118CB-94F6-4666-AD9D-4CE92C261E7B}"
EndProject
Global
	GlobalSection(SolutionConfigurationPlatforms) = preSolution
		Debug|Any CPU = Debug|Any CPU
		Release|Any CPU = Release|Any CPU
	EndGlobalSection
	GlobalSection(ProjectConfigurationPlatforms) = postSolution
		{AB7118CB-94F6-4666-AD9D-4CE92C261E7B}.Debug|Any CPU.ActiveCfg = Debug|Any CPU
		{AB7118CB-94F6-4666-AD9D-4CE92C261E7B}.Debug|Any CPU.Build.0 = Debug|Any CPU
		{AB7118CB-94F6-4666-AD9D-4CE92C261E7B}.Release|Any CPU.ActiveCfg = Release|Any CPU
		{AB7118CB-94F6-4666-AD9D-4CE92C261E7B}.Release|Any CPU.Build.0 = Release|Any CPU
	EndGlobalSection
	GlobalSection(SolutionProperties) = preSolution
		HideSolutionNode = FALSE
	EndGlobalSection
	GlobalSection(ExtensibilityGlobals) = postSolution
		SolutionGuid = {431AF665-889C-4BA6-844F-97B90D1EE627}
	EndGlobalSection
EndGlobal
